
Microsoft Visual Studio Solution File, Format Version 12.00
# Visual Studio 15
VisualStudioVersion = 15.0.28307.421
MinimumVisualStudioVersion = 10.0.40219.1
Project("{FAE04EC0-301F-11D3-BF4B-00C04F79EFBC}") = "SDDZ", "SDDZ\SDDZ.csproj", "{465624DC-1455-4672-A766-2EF5818B86AF}"
EndProject
Global
	GlobalSection(SolutionConfigurationPlatforms) = preSolution
		Debug|Any CPU = Debug|Any CPU
		Release|Any CPU = Release|Any CPU
	EndGlobalSection
	GlobalSection(ProjectConfigurationPlatforms) = postSolution
		{465624DC-1455-4672-A766-2EF5818B86AF}.Debug|Any CPU.ActiveCfg = Debug|Any CPU
		{465624DC-1455-4672-A766-2EF5818B86AF}.Debug|Any CPU.Build.0 = Debug|Any CPU
		{465624DC-1455-4672-A766-2EF5818B86AF}.Release|Any CPU.ActiveCfg = Release|Any CPU
		{465624DC-1455-4672-A766-2EF5818B86AF}.Release|Any CPU.Build.0 = Release|Any CPU
	EndGlobalSection
	GlobalSection(SolutionProperties) = preSolution
		HideSolutionNode = FALSE
	EndGlobalSection
	GlobalSection(ExtensibilityGlobals) = postSolution
		SolutionGuid = {872C92AE-EB0A-4ED5-BA6C-19378D6774D8}
	EndGlobalSection
EndGlobal
